{
  "name": "miniprogram",
  "version": "1.0.0",
  "lockfileVersion": 1,
  "requires": true,
  "dependencies": {
    "sparrow_miniapp_ui": {
      "version": "1.0.9",
      "resolved": "https://registry.npmjs.org/sparrow_miniapp_ui/-/sparrow_miniapp_ui-1.0.9.tgz",
      "integrity": "sha512-xx+fS97n/NY5YI8SjchzSkBfFT8pZl/a0JSnedAp1+zBCcuw6jY42q9bCvEdhrjyrxSAumzTGDot+ls9/DuOHw=="
    }
  }
}
